<?xml version="1.0" encoding="utf-8"?>
<Project ToolsVersion="4.0" xmlns="http://schemas.microsoft.com/developer/msbuild/2003">
  <ItemGroup>
    <Filter Include="Core">
      <UniqueIdentifier>{15206a7b-a4bb-4322-8b8e-949d47308149}</UniqueIdentifier>
    </Filter>
    <Filter Include="Utilities">
      <UniqueIdentifier>{6be0b50f-584d-49db-9568-f9af5b777439}</UniqueIdentifier>
    </Filter>
    <Filter Include="Game">
      <UniqueIdentifier>{35f1ea57-7d79-4e0d-bf40-c9b66b6c74fa}</UniqueIdentifier>
    </Filter>
    <Filter Include="Externals">
      <UniqueIdentifier>{711f0be8-b8dd-42f7-981b-04a440e4f9f9}</UniqueIdentifier>
    </Filter>
    <Filter Include="Tilemap">
      <UniqueIdentifier>{113b9a32-be6e-4517-819c-7496aebf6cf5}</UniqueIdentifier>
    </Filter>
    <Filter Include="Math">
      <UniqueIdentifier>{1e204fbe-68a2-4df2-b612-3db08c60fb13}</UniqueIdentifier>
    </Filter>
  </ItemGroup>
  <ItemGroup>
    <ClCompile Include="src\core\Game.cpp">
      <Filter>Core</Filter>
    </ClCompile>
    <ClCompile Include="src\core\Level.cpp">
      <Filter>Core</Filter>
    </ClCompile>
    <ClCompile Include="src\core\GameObject.cpp">
      <Filter>Core</Filter>
    </ClCompile>
    <ClCompile Include="src\utilities\IdGenerator.cpp">
      <Filter>Utilities</Filter>
    </ClCompile>
    <ClCompile Include="src\utilities\LevelLoader.cpp">
      <Filter>Utilities</Filter>
    </ClCompile>
    <ClCompile Include="src\utilities\ResourceManager.cpp">
      <Filter>Utilities</Filter>
    </ClCompile>
    <ClCompile Include="src\utilities\Texture.cpp">
      <Filter>Utilities</Filter>
    </ClCompile>
    <ClCompile Include="src\game\Player.cpp">
      <Filter>Game</Filter>
    </ClCompile>
    <ClCompile Include="src\main.cpp" />
    <ClCompile Include="src\externals\tinyxmlparser.cpp">
      <Filter>Externals</Filter>
    </ClCompile>
    <ClCompile Include="src\externals\tinystr.cpp">
      <Filter>Externals</Filter>
    </ClCompile>
    <ClCompile Include="src\externals\tinyxml.cpp">
      <Filter>Externals</Filter>
    </ClCompile>
    <ClCompile Include="src\externals\tinyxmlerror.cpp">
      <Filter>Externals</Filter>
    </ClCompile>
    <ClCompile Include="main.cpp" />
  </ItemGroup>
  <ItemGroup>
    <ClInclude Include="src\core\Game.h">
      <Filter>Core</Filter>
    </ClInclude>
    <ClInclude Include="src\core\Level.h">
      <Filter>Core</Filter>
    </ClInclude>
    <ClInclude Include="src\core\GameObject.h">
      <Filter>Core</Filter>
    </ClInclude>
    <ClInclude Include="src\utilities\LevelLoader.h">
      <Filter>Utilities</Filter>
    </ClInclude>
    <ClInclude Include="src\utilities\IdGenerator.h">
      <Filter>Utilities</Filter>
    </ClInclude>
    <ClInclude Include="src\utilities\ResourceManager.h">
      <Filter>Utilities</Filter>
    </ClInclude>
    <ClInclude Include="src\tilemap\Tilemap.h">
      <Filter>Tilemap</Filter>
    </ClInclude>
    <ClInclude Include="src\utilities\Texture.h">
      <Filter>Utilities</Filter>
    </ClInclude>
    <ClInclude Include="src\math\Vector2d.h">
      <Filter>Math</Filter>
    </ClInclude>
    <ClInclude Include="src\game\Player.h">
      <Filter>Game</Filter>
    </ClInclude>
    <ClInclude Include="src\externals\tinystr.h">
      <Filter>Externals</Filter>
    </ClInclude>
    <ClInclude Include="src\externals\tinyxml.h">
      <Filter>Externals</Filter>
    </ClInclude>
  </ItemGroup>
</Project>