<?xml version="1.0" encoding="utf-8"?>
<Project ToolsVersion="4.0" xmlns="http://schemas.microsoft.com/developer/msbuild/2003">
  <ItemGroup>
    <Filter Include="Core">
      <UniqueIdentifier>{15206a7b-a4bb-4322-8b8e-949d47308149}</UniqueIdentifier>
    </Filter>
    <Filter Include="Utilities">
      <UniqueIdentifier>{6be0b50f-584d-49db-9568-f9af5b777439}</UniqueIdentifier>
    </Filter>
    <Filter Include="Game">
      <UniqueIdentifier>{35f1ea57-7d79-4e0d-bf40-c9b66b6c74fa}</UniqueIdentifier>
    </Filter>
    <Filter Include="Externals">
      <UniqueIdentifier>{711f0be8-b8dd-42f7-981b-04a440e4f9f9}</UniqueIdentifier>
    </Filter>
    <Filter Include="Tilemap">
      <UniqueIdentifier>{113b9a32-be6e-4517-819c-7496aebf6cf5}</UniqueIdentifier>
    </Filter>
    <Filter Include="Math">
      <UniqueIdentifier>{1e204fbe-68a2-4df2-b612-3db08c60fb13}</UniqueIdentifier>
    </Filter>
  </ItemGroup>
  <ItemGroup>
    <ClCompile Include="main.cpp" />
    <ClCompile Include="Game.cpp">
      <Filter>Core</Filter>
    </ClCompile>
    <ClCompile Include="Level.cpp">
      <Filter>Core</Filter>
    </ClCompile>
    <ClCompile Include="GameObject.cpp">
      <Filter>Core</Filter>
    </ClCompile>
    <ClCompile Include="ResourceManager.cpp">
      <Filter>Utilities</Filter>
    </ClCompile>
    <ClCompile Include="Player.cpp">
      <Filter>Game</Filter>
    </ClCompile>
    <ClCompile Include="tinystr.cpp">
      <Filter>Externals</Filter>
    </ClCompile>
    <ClCompile Include="tinyxml.cpp">
      <Filter>Externals</Filter>
    </ClCompile>
    <ClCompile Include="tinyxmlerror.cpp">
      <Filter>Externals</Filter>
    </ClCompile>
    <ClCompile Include="tinyxmlparser.cpp">
      <Filter>Externals</Filter>
    </ClCompile>
    <ClCompile Include="Texture.cpp">
      <Filter>Utilities</Filter>
    </ClCompile>
    <ClCompile Include="LevelLoader.cpp">
      <Filter>Utilities</Filter>
    </ClCompile>
  </ItemGroup>
  <ItemGroup>
    <ClInclude Include="Game.h">
      <Filter>Core</Filter>
    </ClInclude>
    <ClInclude Include="GameObject.h">
      <Filter>Core</Filter>
    </ClInclude>
    <ClInclude Include="Level.h">
      <Filter>Core</Filter>
    </ClInclude>
    <ClInclude Include="ResourceManager.h">
      <Filter>Utilities</Filter>
    </ClInclude>
    <ClInclude Include="Player.h">
      <Filter>Game</Filter>
    </ClInclude>
    <ClInclude Include="tinyxml.h">
      <Filter>Externals</Filter>
    </ClInclude>
    <ClInclude Include="tinystr.h">
      <Filter>Externals</Filter>
    </ClInclude>
    <ClInclude Include="Tilemap.h">
      <Filter>Tilemap</Filter>
    </ClInclude>
    <ClInclude Include="TilemapLayer.h">
      <Filter>Tilemap</Filter>
    </ClInclude>
    <ClInclude Include="TilemapTile.h">
      <Filter>Tilemap</Filter>
    </ClInclude>
    <ClInclude Include="TilemapTileInstance.h">
      <Filter>Tilemap</Filter>
    </ClInclude>
    <ClInclude Include="Texture.h">
      <Filter>Utilities</Filter>
    </ClInclude>
    <ClInclude Include="LevelLoader.h">
      <Filter>Utilities</Filter>
    </ClInclude>
    <ClInclude Include="Vector2d.h">
      <Filter>Math</Filter>
    </ClInclude>
  </ItemGroup>
</Project>